
Microsoft Visual Studio Solution File, Format Version 12.00
# Visual Studio Version 17
VisualStudioVersion = 17.5.002.0
MinimumVisualStudioVersion = 10.0.40219.1
Project("{2150E333-8FDC-42A3-9474-1A3956D46DE8}") = "csharp-prep", "csharp-prep", "{31309109-C38D-4459-98DB-63887C984456}"
EndProject
Project("{9A19103F-16F7-4668-BE54-9A1E7A4F7556}") = "Prep1", "csharp-prep\Prep1\Prep1.csproj", "{A6746512-045E-44BB-A026-F27119F49D66}"
EndProject
Project("{9A19103F-16F7-4668-BE54-9A1E7A4F7556}") = "Prep2", "csharp-prep\Prep2\Prep2.csproj", "{16B30761-038A-4F7B-9AE2-8B45150524A4}"
EndProject
Project("{9A19103F-16F7-4668-BE54-9A1E7A4F7556}") = "Prep3", "csharp-prep\Prep3\Prep3.csproj", "{81302628-1153-4306-BC31-D473BAD9095C}"
EndProject
Project("{9A19103F-16F7-4668-BE54-9A1E7A4F7556}") = "Prep4", "csharp-prep\Prep4\Prep4.csproj", "{39BC1356-728B-42AE-80EE-B059C4416896}"
EndProject
Project("{9A19103F-16F7-4668-BE54-9A1E7A4F7556}") = "Prep5", "csharp-prep\Prep5\Prep5.csproj", "{246A17DB-2360-4295-827C-D8F5DE1C3889}"
EndProject
Project("{2150E333-8FDC-42A3-9474-1A3956D46DE8}") = "final", "final", "{F130F59F-20D8-4393-95D0-2B57833A6741}"
EndProject
Project("{9A19103F-16F7-4668-BE54-9A1E7A4F7556}") = "FinalProject", "final\FinalProject\FinalProject.csproj", "{2C0D24EA-C672-4AFF-8FD3-AB84CBE6F91D}"
EndProject
Project("{9A19103F-16F7-4668-BE54-9A1E7A4F7556}") = "Foundation1", "final\Foundation1\Foundation1.csproj", "{E98B7F94-B1C8-49C6-9061-46E03A1277F5}"
EndProject
Project("{9A19103F-16F7-4668-BE54-9A1E7A4F7556}") = "Foundation2", "final\Foundation2\Foundation2.csproj", "{8AFA91E6-4A74-4634-B6B9-E588B67F4F7D}"
EndProject
Project("{9A19103F-16F7-4668-BE54-9A1E7A4F7556}") = "Foundation3", "final\Foundation3\Foundation3.csproj", "{2BD31F7D-6011-4525-BFF6-0848CB2C07FF}"
EndProject
Project("{9A19103F-16F7-4668-BE54-9A1E7A4F7556}") = "Foundation4", "final\Foundation4\Foundation4.csproj", "{789AC001-654C-440A-8BBC-DB13008AB060}"
EndProject
Project("{2150E333-8FDC-42A3-9474-1A3956D46DE8}") = "prepare", "prepare", "{AB5DC3EF-01BC-4C04-A8F0-C32189FB35D4}"
EndProject
Project("{9A19103F-16F7-4668-BE54-9A1E7A4F7556}") = "Learning02", "prepare\Learning02\Learning02.csproj", "{131D5087-C30A-44A0-A127-6B2ACA59BDEB}"
EndProject
Project("{9A19103F-16F7-4668-BE54-9A1E7A4F7556}") = "Learning03", "prepare\Learning03\Learning03.csproj", "{7D6995C1-E012-443D-935F-F742B95C8456}"
EndProject
Project("{9A19103F-16F7-4668-BE54-9A1E7A4F7556}") = "Learning04", "prepare\Learning04\Learning04.csproj", "{FD5123F0-D1F2-45CA-87F3-53514C5F4B03}"
EndProject
Project("{9A19103F-16F7-4668-BE54-9A1E7A4F7556}") = "Learning05", "prepare\Learning05\Learning05.csproj", "{50A4A1E0-D2CA-45DD-8FF8-937CFAB3B395}"
EndProject
Project("{2150E333-8FDC-42A3-9474-1A3956D46DE8}") = "prove", "prove", "{54ED27FA-543F-4365-BB69-248F9D202E68}"
EndProject
Project("{9A19103F-16F7-4668-BE54-9A1E7A4F7556}") = "Develop02", "prove\Develop02\Develop02.csproj", "{983ECE56-CC23-46BF-A2A3-E09B22C640E6}"
EndProject
Project("{9A19103F-16F7-4668-BE54-9A1E7A4F7556}") = "Develop03", "prove\Develop03\Develop03.csproj", "{C08144B0-5F39-42C1-9806-2D77416E00B3}"
EndProject
Project("{9A19103F-16F7-4668-BE54-9A1E7A4F7556}") = "Develop04", "prove\Develop04\Develop04.csproj", "{77AC34DC-6669-41B3-B60C-3130D1007062}"
EndProject
Project("{9A19103F-16F7-4668-BE54-9A1E7A4F7556}") = "Develop05", "prove\Develop05\Develop05.csproj", "{DDFB0C5F-E3BB-4DD1-AE30-F4746C992EB1}"
EndProject
Project("{2150E333-8FDC-42A3-9474-1A3956D46DE8}") = "sandbox", "sandbox", "{79CD108B-CF30-4859-9B63-71F14CCD72F8}"
EndProject
Project("{9A19103F-16F7-4668-BE54-9A1E7A4F7556}") = "Sandbox", "sandbox\Sandbox\Sandbox.csproj", "{FB21781E-D9EB-4D5A-BF9C-90DD4E48527C}"
EndProject
Global
	GlobalSection(SolutionConfigurationPlatforms) = preSolution
		Debug|Any CPU = Debug|Any CPU
		Release|Any CPU = Release|Any CPU
	EndGlobalSection
	GlobalSection(ProjectConfigurationPlatforms) = postSolution
		{A6746512-045E-44BB-A026-F27119F49D66}.Debug|Any CPU.ActiveCfg = Debug|Any CPU
		{A6746512-045E-44BB-A026-F27119F49D66}.Debug|Any CPU.Build.0 = Debug|Any CPU
		{A6746512-045E-44BB-A026-F27119F49D66}.Release|Any CPU.ActiveCfg = Release|Any CPU
		{A6746512-045E-44BB-A026-F27119F49D66}.Release|Any CPU.Build.0 = Release|Any CPU
		{16B30761-038A-4F7B-9AE2-8B45150524A4}.Debug|Any CPU.ActiveCfg = Debug|Any CPU
		{16B30761-038A-4F7B-9AE2-8B45150524A4}.Debug|Any CPU.Build.0 = Debug|Any CPU
		{16B30761-038A-4F7B-9AE2-8B45150524A4}.Release|Any CPU.ActiveCfg = Release|Any CPU
		{16B30761-038A-4F7B-9AE2-8B45150524A4}.Release|Any CPU.Build.0 = Release|Any CPU
		{81302628-1153-4306-BC31-D473BAD9095C}.Debug|Any CPU.ActiveCfg = Debug|Any CPU
		{81302628-1153-4306-BC31-D473BAD9095C}.Debug|Any CPU.Build.0 = Debug|Any CPU
		{81302628-1153-4306-BC31-D473BAD9095C}.Release|Any CPU.ActiveCfg = Release|Any CPU
		{81302628-1153-4306-BC31-D473BAD9095C}.Release|Any CPU.Build.0 = Release|Any CPU
		{39BC1356-728B-42AE-80EE-B059C4416896}.Debug|Any CPU.ActiveCfg = Debug|Any CPU
		{39BC1356-728B-42AE-80EE-B059C4416896}.Debug|Any CPU.Build.0 = Debug|Any CPU
		{39BC1356-728B-42AE-80EE-B059C4416896}.Release|Any CPU.ActiveCfg = Release|Any CPU
		{39BC1356-728B-42AE-80EE-B059C4416896}.Release|Any CPU.Build.0 = Release|Any CPU
		{246A17DB-2360-4295-827C-D8F5DE1C3889}.Debug|Any CPU.ActiveCfg = Debug|Any CPU
		{246A17DB-2360-4295-827C-D8F5DE1C3889}.Debug|Any CPU.Build.0 = Debug|Any CPU
		{246A17DB-2360-4295-827C-D8F5DE1C3889}.Release|Any CPU.ActiveCfg = Release|Any CPU
		{246A17DB-2360-4295-827C-D8F5DE1C3889}.Release|Any CPU.Build.0 = Release|Any CPU
		{2C0D24EA-C672-4AFF-8FD3-AB84CBE6F91D}.Debug|Any CPU.ActiveCfg = Debug|Any CPU
		{2C0D24EA-C672-4AFF-8FD3-AB84CBE6F91D}.Debug|Any CPU.Build.0 = Debug|Any CPU
		{2C0D24EA-C672-4AFF-8FD3-AB84CBE6F91D}.Release|Any CPU.ActiveCfg = Release|Any CPU
		{2C0D24EA-C672-4AFF-8FD3-AB84CBE6F91D}.Release|Any CPU.Build.0 = Release|Any CPU
		{E98B7F94-B1C8-49C6-9061-46E03A1277F5}.Debug|Any CPU.ActiveCfg = Debug|Any CPU
		{E98B7F94-B1C8-49C6-9061-46E03A1277F5}.Debug|Any CPU.Build.0 = Debug|Any CPU
		{E98B7F94-B1C8-49C6-9061-46E03A1277F5}.Release|Any CPU.ActiveCfg = Release|Any CPU
		{E98B7F94-B1C8-49C6-9061-46E03A1277F5}.Release|Any CPU.Build.0 = Release|Any CPU
		{8AFA91E6-4A74-4634-B6B9-E588B67F4F7D}.Debug|Any CPU.ActiveCfg = Debug|Any CPU
		{8AFA91E6-4A74-4634-B6B9-E588B67F4F7D}.Debug|Any CPU.Build.0 = Debug|Any CPU
		{8AFA91E6-4A74-4634-B6B9-E588B67F4F7D}.Release|Any CPU.ActiveCfg = Release|Any CPU
		{8AFA91E6-4A74-4634-B6B9-E588B67F4F7D}.Release|Any CPU.Build.0 = Release|Any CPU
		{2BD31F7D-6011-4525-BFF6-0848CB2C07FF}.Debug|Any CPU.ActiveCfg = Debug|Any CPU
		{2BD31F7D-6011-4525-BFF6-0848CB2C07FF}.Debug|Any CPU.Build.0 = Debug|Any CPU
		{2BD31F7D-6011-4525-BFF6-0848CB2C07FF}.Release|Any CPU.ActiveCfg = Release|Any CPU
		{2BD31F7D-6011-4525-BFF6-0848CB2C07FF}.Release|Any CPU.Build.0 = Release|Any CPU
		{789AC001-654C-440A-8BBC-DB13008AB060}.Debug|Any CPU.ActiveCfg = Debug|Any CPU
		{789AC001-654C-440A-8BBC-DB13008AB060}.Debug|Any CPU.Build.0 = Debug|Any CPU
		{789AC001-654C-440A-8BBC-DB13008AB060}.Release|Any CPU.ActiveCfg = Release|Any CPU
		{789AC001-654C-440A-8BBC-DB13008AB060}.Release|Any CPU.Build.0 = Release|Any CPU
		{131D5087-C30A-44A0-A127-6B2ACA59BDEB}.Debug|Any CPU.ActiveCfg = Debug|Any CPU
		{131D5087-C30A-44A0-A127-6B2ACA59BDEB}.Debug|Any CPU.Build.0 = Debug|Any CPU
		{131D5087-C30A-44A0-A127-6B2ACA59BDEB}.Release|Any CPU.ActiveCfg = Release|Any CPU
		{131D5087-C30A-44A0-A127-6B2ACA59BDEB}.Release|Any CPU.Build.0 = Release|Any CPU
		{7D6995C1-E012-443D-935F-F742B95C8456}.Debug|Any CPU.ActiveCfg = Debug|Any CPU
		{7D6995C1-E012-443D-935F-F742B95C8456}.Debug|Any CPU.Build.0 = Debug|Any CPU
		{7D6995C1-E012-443D-935F-F742B95C8456}.Release|Any CPU.ActiveCfg = Release|Any CPU
		{7D6995C1-E012-443D-935F-F742B95C8456}.Release|Any CPU.Build.0 = Release|Any CPU
		{FD5123F0-D1F2-45CA-87F3-53514C5F4B03}.Debug|Any CPU.ActiveCfg = Debug|Any CPU
		{FD5123F0-D1F2-45CA-87F3-53514C5F4B03}.Debug|Any CPU.Build.0 = Debug|Any CPU
		{FD5123F0-D1F2-45CA-87F3-53514C5F4B03}.Release|Any CPU.ActiveCfg = Release|Any CPU
		{FD5123F0-D1F2-45CA-87F3-53514C5F4B03}.Release|Any CPU.Build.0 = Release|Any CPU
		{50A4A1E0-D2CA-45DD-8FF8-937CFAB3B395}.Debug|Any CPU.ActiveCfg = Debug|Any CPU
		{50A4A1E0-D2CA-45DD-8FF8-937CFAB3B395}.Debug|Any CPU.Build.0 = Debug|Any CPU
		{50A4A1E0-D2CA-45DD-8FF8-937CFAB3B395}.Release|Any CPU.ActiveCfg = Release|Any CPU
		{50A4A1E0-D2CA-45DD-8FF8-937CFAB3B395}.Release|Any CPU.Build.0 = Release|Any CPU
		{983ECE56-CC23-46BF-A2A3-E09B22C640E6}.Debug|Any CPU.ActiveCfg = Debug|Any CPU
		{983ECE56-CC23-46BF-A2A3-E09B22C640E6}.Debug|Any CPU.Build.0 = Debug|Any CPU
		{983ECE56-CC23-46BF-A2A3-E09B22C640E6}.Release|Any CPU.ActiveCfg = Release|Any CPU
		{983ECE56-CC23-46BF-A2A3-E09B22C640E6}.Release|Any CPU.Build.0 = Release|Any CPU
		{C08144B0-5F39-42C1-9806-2D77416E00B3}.Debug|Any CPU.ActiveCfg = Debug|Any CPU
		{C08144B0-5F39-42C1-9806-2D77416E00B3}.Debug|Any CPU.Build.0 = Debug|Any CPU
		{C08144B0-5F39-42C1-9806-2D77416E00B3}.Release|Any CPU.ActiveCfg = Release|Any CPU
		{C08144B0-5F39-42C1-9806-2D77416E00B3}.Release|Any CPU.Build.0 = Release|Any CPU
		{77AC34DC-6669-41B3-B60C-3130D1007062}.Debug|Any CPU.ActiveCfg = Debug|Any CPU
		{77AC34DC-6669-41B3-B60C-3130D1007062}.Debug|Any CPU.Build.0 = Debug|Any CPU
		{77AC34DC-6669-41B3-B60C-3130D1007062}.Release|Any CPU.ActiveCfg = Release|Any CPU
		{77AC34DC-6669-41B3-B60C-3130D1007062}.Release|Any CPU.Build.0 = Release|Any CPU
		{DDFB0C5F-E3BB-4DD1-AE30-F4746C992EB1}.Debug|Any CPU.ActiveCfg = Debug|Any CPU
		{DDFB0C5F-E3BB-4DD1-AE30-F4746C992EB1}.Debug|Any CPU.Build.0 = Debug|Any CPU
		{DDFB0C5F-E3BB-4DD1-AE30-F4746C992EB1}.Release|Any CPU.ActiveCfg = Release|Any CPU
		{DDFB0C5F-E3BB-4DD1-AE30-F4746C992EB1}.Release|Any CPU.Build.0 = Release|Any CPU
		{FB21781E-D9EB-4D5A-BF9C-90DD4E48527C}.Debug|Any CPU.ActiveCfg = Debug|Any CPU
		{FB21781E-D9EB-4D5A-BF9C-90DD4E48527C}.Debug|Any CPU.Build.0 = Debug|Any CPU
		{FB21781E-D9EB-4D5A-BF9C-90DD4E48527C}.Release|Any CPU.ActiveCfg = Release|Any CPU
		{FB21781E-D9EB-4D5A-BF9C-90DD4E48527C}.Release|Any CPU.Build.0 = Release|Any CPU
	EndGlobalSection
	GlobalSection(SolutionProperties) = preSolution
		HideSolutionNode = FALSE
	EndGlobalSection
	GlobalSection(NestedProjects) = preSolution
		{A6746512-045E-44BB-A026-F27119F49D66} = {31309109-C38D-4459-98DB-63887C984456}
		{16B30761-038A-4F7B-9AE2-8B45150524A4} = {31309109-C38D-4459-98DB-63887C984456}
		{81302628-1153-4306-BC31-D473BAD9095C} = {31309109-C38D-4459-98DB-63887C984456}
		{39BC1356-728B-42AE-80EE-B059C4416896} = {31309109-C38D-4459-98DB-63887C984456}
		{246A17DB-2360-4295-827C-D8F5DE1C3889} = {31309109-C38D-4459-98DB-63887C984456}
		{2C0D24EA-C672-4AFF-8FD3-AB84CBE6F91D} = {F130F59F-20D8-4393-95D0-2B57833A6741}
		{E98B7F94-B1C8-49C6-9061-46E03A1277F5} = {F130F59F-20D8-4393-95D0-2B57833A6741}
		{8AFA91E6-4A74-4634-B6B9-E588B67F4F7D} = {F130F59F-20D8-4393-95D0-2B57833A6741}
		{2BD31F7D-6011-4525-BFF6-0848CB2C07FF} = {F130F59F-20D8-4393-95D0-2B57833A6741}
		{789AC001-654C-440A-8BBC-DB13008AB060} = {F130F59F-20D8-4393-95D0-2B57833A6741}
		{131D5087-C30A-44A0-A127-6B2ACA59BDEB} = {AB5DC3EF-01BC-4C04-A8F0-C32189FB35D4}
		{7D6995C1-E012-443D-935F-F742B95C8456} = {AB5DC3EF-01BC-4C04-A8F0-C32189FB35D4}
		{FD5123F0-D1F2-45CA-87F3-53514C5F4B03} = {AB5DC3EF-01BC-4C04-A8F0-C32189FB35D4}
		{50A4A1E0-D2CA-45DD-8FF8-937CFAB3B395} = {AB5DC3EF-01BC-4C04-A8F0-C32189FB35D4}
		{983ECE56-CC23-46BF-A2A3-E09B22C640E6} = {54ED27FA-543F-4365-BB69-248F9D202E68}
		{C08144B0-5F39-42C1-9806-2D77416E00B3} = {54ED27FA-543F-4365-BB69-248F9D202E68}
		{77AC34DC-6669-41B3-B60C-3130D1007062} = {54ED27FA-543F-4365-BB69-248F9D202E68}
		{DDFB0C5F-E3BB-4DD1-AE30-F4746C992EB1} = {54ED27FA-543F-4365-BB69-248F9D202E68}
		{FB21781E-D9EB-4D5A-BF9C-90DD4E48527C} = {79CD108B-CF30-4859-9B63-71F14CCD72F8}
	EndGlobalSection
	GlobalSection(ExtensibilityGlobals) = postSolution
		SolutionGuid = {2A85C3D9-BFFA-4A50-A9AB-8AE3ABA6A005}
	EndGlobalSection
EndGlobal
